
Microsoft Visual Studio Solution File, Format Version 12.00
# Visual Studio Version 17
VisualStudioVersion = 17.0.31903.59
MinimumVisualStudioVersion = 10.0.40219.1
Project("{FAE04EC0-301F-11D3-BF4B-00C04F79EFBC}") = "Querier.Api.Models", "Querier.Api.Models\Querier.Api.Models.csproj", "{A9019F12-5824-4D4B-A732-C6C11B567EA9}"
EndProject
Project("{FAE04EC0-301F-11D3-BF4B-00C04F79EFBC}") = "Querier.Tools", "Querier.Tools\Querier.Tools.csproj", "{74E996E4-53F3-4966-B674-B956CD4D65A5}"
EndProject
Project("{FAE04EC0-301F-11D3-BF4B-00C04F79EFBC}") = "Querier.Api.Services", "Querier.Api.Services\Querier.Api.Services.csproj", "{07831430-C5EE-4AE5-B0DE-3D8D510B1312}"
EndProject
Project("{FAE04EC0-301F-11D3-BF4B-00C04F79EFBC}") = "Querier.Api", "Querier.Api\Querier.Api.csproj", "{D03A96D8-2821-4783-97C2-E409ABB67E0B}"
EndProject
Global
	GlobalSection(SolutionConfigurationPlatforms) = preSolution
		Debug|Any CPU = Debug|Any CPU
		Release|Any CPU = Release|Any CPU
	EndGlobalSection
	GlobalSection(SolutionProperties) = preSolution
		HideSolutionNode = FALSE
	EndGlobalSection
	GlobalSection(ProjectConfigurationPlatforms) = postSolution
		{A9019F12-5824-4D4B-A732-C6C11B567EA9}.Debug|Any CPU.ActiveCfg = Debug|Any CPU
		{A9019F12-5824-4D4B-A732-C6C11B567EA9}.Debug|Any CPU.Build.0 = Debug|Any CPU
		{A9019F12-5824-4D4B-A732-C6C11B567EA9}.Release|Any CPU.ActiveCfg = Release|Any CPU
		{A9019F12-5824-4D4B-A732-C6C11B567EA9}.Release|Any CPU.Build.0 = Release|Any CPU
		{74E996E4-53F3-4966-B674-B956CD4D65A5}.Debug|Any CPU.ActiveCfg = Debug|Any CPU
		{74E996E4-53F3-4966-B674-B956CD4D65A5}.Debug|Any CPU.Build.0 = Debug|Any CPU
		{74E996E4-53F3-4966-B674-B956CD4D65A5}.Release|Any CPU.ActiveCfg = Release|Any CPU
		{74E996E4-53F3-4966-B674-B956CD4D65A5}.Release|Any CPU.Build.0 = Release|Any CPU
		{07831430-C5EE-4AE5-B0DE-3D8D510B1312}.Debug|Any CPU.ActiveCfg = Debug|Any CPU
		{07831430-C5EE-4AE5-B0DE-3D8D510B1312}.Debug|Any CPU.Build.0 = Debug|Any CPU
		{07831430-C5EE-4AE5-B0DE-3D8D510B1312}.Release|Any CPU.ActiveCfg = Release|Any CPU
		{07831430-C5EE-4AE5-B0DE-3D8D510B1312}.Release|Any CPU.Build.0 = Release|Any CPU
		{D03A96D8-2821-4783-97C2-E409ABB67E0B}.Debug|Any CPU.ActiveCfg = Debug|Any CPU
		{D03A96D8-2821-4783-97C2-E409ABB67E0B}.Debug|Any CPU.Build.0 = Debug|Any CPU
		{D03A96D8-2821-4783-97C2-E409ABB67E0B}.Release|Any CPU.ActiveCfg = Release|Any CPU
		{D03A96D8-2821-4783-97C2-E409ABB67E0B}.Release|Any CPU.Build.0 = Release|Any CPU
	EndGlobalSection
EndGlobal
